
Microsoft Visual Studio Solution File, Format Version 12.00
Project("{FAE04EC0-301F-11D3-BF4B-00C04F79EFBC}") = "APBD-PJATK-Cw3-s29766", "APBD-PJATK-Cw3-s29766.csproj", "{C48741FD-4B30-4A98-907F-2CD49B7BC968}"
EndProject
Global
	GlobalSection(SolutionConfigurationPlatforms) = preSolution
		Debug|Any CPU = Debug|Any CPU
		Release|Any CPU = Release|Any CPU
	EndGlobalSection
	GlobalSection(ProjectConfigurationPlatforms) = postSolution
		{C48741FD-4B30-4A98-907F-2CD49B7BC968}.Debug|Any CPU.ActiveCfg = Debug|Any CPU
		{C48741FD-4B30-4A98-907F-2CD49B7BC968}.Debug|Any CPU.Build.0 = Debug|Any CPU
		{C48741FD-4B30-4A98-907F-2CD49B7BC968}.Release|Any CPU.ActiveCfg = Release|Any CPU
		{C48741FD-4B30-4A98-907F-2CD49B7BC968}.Release|Any CPU.Build.0 = Release|Any CPU
	EndGlobalSection
EndGlobal
